Microsoft Visual Studio Solution File, Format Version 12.00
# Visual Studio Version 17
VisualStudioVersion = 17.5.2.0
MinimumVisualStudioVersion = 10.0.40219.1
Project("{FAE04EC0-301F-11D3-BF4B-00C04F79EFBC}") = "NcfDesktopApp.GUI", "NcfDesktopApp.GUI.csproj", "{389F7338-543B-DC1F-A084-C9FB24352F58}"
EndProject
Global
	GlobalSection(SolutionConfigurationPlatforms) = preSolution
		Debug|Any CPU = Debug|Any CPU
		Release|Any CPU = Release|Any CPU
	EndGlobalSection
	GlobalSection(ProjectConfigurationPlatforms) = postSolution
		{389F7338-543B-DC1F-A084-C9FB24352F58}.Debug|Any CPU.ActiveCfg = Debug|Any CPU
		{389F7338-543B-DC1F-A084-C9FB24352F58}.Debug|Any CPU.Build.0 = Debug|Any CPU
		{389F7338-543B-DC1F-A084-C9FB24352F58}.Release|Any CPU.ActiveCfg = Release|Any CPU
		{389F7338-543B-DC1F-A084-C9FB24352F58}.Release|Any CPU.Build.0 = Release|Any CPU
	EndGlobalSection
	GlobalSection(SolutionProperties) = preSolution
		HideSolutionNode = FALSE
	EndGlobalSection
	GlobalSection(ExtensibilityGlobals) = postSolution
		SolutionGuid = {F62E5E5C-FC94-4835-9124-C7B02E4D2138}
	EndGlobalSection
EndGlobal
