
Microsoft Visual Studio Solution File, Format Version 12.00
# Visual Studio Version 17
VisualStudioVersion = 17.0.31512.422
MinimumVisualStudioVersion = 10.0.40219.1
Project("{2150E333-8FDC-42A3-9474-1A3956D46DE8}") = "Basic", "Basic", "{20618121-91AE-4EFE-9899-ABCB0ADACE86}"
EndProject
Project("{9A19103F-16F7-4668-BE54-9A1E7A4F7556}") = "Senparc.Ncf.Mvc.UI", "Basic\Senparc.Ncf.Mvc.UI\Senparc.Ncf.Mvc.UI.csproj", "{353775C5-4979-48FF-B4C6-90C54D923AB7}"
EndProject
Project("{9A19103F-16F7-4668-BE54-9A1E7A4F7556}") = "Senparc.Ncf.Core", "Basic\Senparc.Ncf.Core\Senparc.Ncf.Core.csproj", "{AB5A4906-7E58-4D1B-BA46-E7DCE40FD310}"
EndProject
Project("{9A19103F-16F7-4668-BE54-9A1E7A4F7556}") = "Senparc.Ncf.Repository", "Basic\Senparc.Ncf.Repository\Senparc.Ncf.Repository.csproj", "{9715307C-A38E-416C-B9A3-EF0F39837A1A}"
EndProject
Project("{9A19103F-16F7-4668-BE54-9A1E7A4F7556}") = "Senparc.Ncf.Log", "Basic\Senparc.Ncf.Log\Senparc.Ncf.Log.csproj", "{2AF3D7C2-0633-4D15-8E29-5E068F0D2DDA}"
EndProject
Project("{9A19103F-16F7-4668-BE54-9A1E7A4F7556}") = "Senparc.Ncf.Utility", "Basic\Senparc.Ncf.Utility\Senparc.Ncf.Utility.csproj", "{49853A70-AE13-481D-9A98-72DE029717C9}"
EndProject
Project("{9A19103F-16F7-4668-BE54-9A1E7A4F7556}") = "Senparc.Ncf.Service", "Basic\Senparc.Ncf.Service\Senparc.Ncf.Service.csproj", "{05EA51B5-9C9D-457F-A69E-9ACB218D7AA5}"
EndProject
Project("{9A19103F-16F7-4668-BE54-9A1E7A4F7556}") = "Senparc.Ncf.SMS", "Basic\Senparc.Ncf.SMS\Senparc.Ncf.SMS.csproj", "{D67659FE-8708-4913-9A56-BE8ECB838405}"
EndProject
Project("{2150E333-8FDC-42A3-9474-1A3956D46DE8}") = "Tests", "Tests", "{FEF3CC72-9596-49E1-A910-990F607E9E76}"
EndProject
Project("{2150E333-8FDC-42A3-9474-1A3956D46DE8}") = "Extensions", "Extensions", "{BBF132A7-018B-417A-9F56-396FB9CF391D}"
EndProject
Project("{9A19103F-16F7-4668-BE54-9A1E7A4F7556}") = "Senparc.Xncf.ChangeNamespace", "Extensions\Senparc.Xncf.ChangeNamespace\Senparc.Xncf.ChangeNamespace.csproj", "{6E82880C-097D-47A5-82B4-BA505050BC85}"
EndProject
Project("{9A19103F-16F7-4668-BE54-9A1E7A4F7556}") = "Senparc.Ncf.XncfBase", "Basic\Senparc.Ncf.XncfBase\Senparc.Ncf.XncfBase.csproj", "{A151364D-A8F3-49CF-8A0E-8CBE9833225D}"
EndProject
Project("{9A19103F-16F7-4668-BE54-9A1E7A4F7556}") = "Senparc.Ncf.XncfBase.Tests", "Basic\Senparc.Ncf.XncfBase.Tests\Senparc.Ncf.XncfBase.Tests.csproj", "{C040A61E-E18C-4DB1-ADC1-E399B4675ED8}"
EndProject
Project("{9A19103F-16F7-4668-BE54-9A1E7A4F7556}") = "Senparc.Ncf.Core.Tests", "Basic\Senparc.Ncf.Core.Tests\Senparc.Ncf.Core.Tests.csproj", "{D1FAA0A7-A6A9-4C95-80DB-F082B9B4C0FB}"
EndProject
Project("{9A19103F-16F7-4668-BE54-9A1E7A4F7556}") = "Senparc.Xncf.DatabaseToolkit", "Extensions\Senparc.Xncf.DatabaseToolkit\Senparc.Xncf.DatabaseToolkit\Senparc.Xncf.DatabaseToolkit.csproj", "{392AB3DA-C723-41F6-BEA9-41AA716B185E}"
EndProject
Project("{9A19103F-16F7-4668-BE54-9A1E7A4F7556}") = "Senparc.Xncf.Terminal", "Extensions\Senparc.Xncf.Terminal\Senparc.Xncf.Terminal.csproj", "{AE7AF7D8-0B89-45F5-99D7-593BFFC2BA6D}"
EndProject
Project("{2150E333-8FDC-42A3-9474-1A3956D46DE8}") = "Areas", "Areas", "{44293E2D-8698-424B-9124-B51713231EA2}"
EndProject
Project("{9A19103F-16F7-4668-BE54-9A1E7A4F7556}") = "Senparc.Ncf.AreaBase", "Basic\Senparc.Ncf.AreaBase\Senparc.Ncf.AreaBase.csproj", "{4E18BD15-9397-43A0-87F4-770FDF434403}"
EndProject
Project("{2150E333-8FDC-42A3-9474-1A3956D46DE8}") = "Solution Items", "Solution Items", "{52ACE0AF-85A6-4C3C-B640-F313B809A0EE}"
	ProjectSection(SolutionItems) = preProject
		.editorconfig = .editorconfig
		global.json = global.json
		Graph1.dgml = Graph1.dgml
	EndProjectSection
EndProject
Project("{9A19103F-16F7-4668-BE54-9A1E7A4F7556}") = "Senparc.Xncf.XncfBuilder", "Extensions\Senparc.Xncf.XncfBuilder\Senparc.Xncf.XncfBuilder\Senparc.Xncf.XncfBuilder.csproj", "{D6EBAAD8-8E3E-4BB8-8E8F-47E2AA7286BF}"
EndProject
Project("{2150E333-8FDC-42A3-9474-1A3956D46DE8}") = "Database", "Database", "{06D46E79-A4B2-457A-93DB-E3060A12CFD0}"
EndProject
Project("{9A19103F-16F7-4668-BE54-9A1E7A4F7556}") = "Senparc.Ncf.Database.SqlServer", "Basic\Senparc.Ncf.Database.SqlServer\Senparc.Ncf.Database.SqlServer.csproj", "{6D2A1F6F-EB14-4C12-B65B-FAB3F6AA4D66}"
EndProject
Project("{9A19103F-16F7-4668-BE54-9A1E7A4F7556}") = "Senparc.Ncf.Database", "Basic\Senparc.Ncf.Database\Senparc.Ncf.Database.csproj", "{EEE0FF80-C554-4281-AD21-A0D72D4CC712}"
EndProject
Project("{9A19103F-16F7-4668-BE54-9A1E7A4F7556}") = "Senparc.Ncf.Database.MySql", "Basic\Senparc.Ncf.Database.MySql\Senparc.Ncf.Database.MySql.csproj", "{AD791365-1699-411D-89BC-F5CE60451037}"
EndProject
Project("{9A19103F-16F7-4668-BE54-9A1E7A4F7556}") = "Senparc.Ncf.DatabasePlant", "Basic\Senparc.Ncf.DatabasePlant\Senparc.Ncf.DatabasePlant.csproj", "{1DAB450F-E39E-4F01-9C08-90D154FBC252}"
EndProject
Project("{9A19103F-16F7-4668-BE54-9A1E7A4F7556}") = "Senparc.Ncf.DatabasePlant.Tests", "Basic\Senparc.Ncf.DatabasePlant.Tests\Senparc.Ncf.DatabasePlant.Tests.csproj", "{3CD452CA-6A58-40C1-9FB3-2D6D55CD4605}"
EndProject
Project("{9A19103F-16F7-4668-BE54-9A1E7A4F7556}") = "Senparc.Xncf.ChangeNamespace.Tests", "Extensions\Tests\Senparc.Xncf.ChangeNamespace.Tests\Senparc.Xncf.ChangeNamespace.Tests.csproj", "{20893400-862D-48F8-A9B9-6431B20BB763}"
EndProject
Project("{9A19103F-16F7-4668-BE54-9A1E7A4F7556}") = "Senparc.Ncf.Database.MySql.Backcup", "Basic\Senparc.Ncf.Database.MySql.Backup\Senparc.Ncf.Database.MySql.Backcup.csproj", "{548A1BB0-88DE-45D4-95DF-2538A9592823}"
EndProject
Project("{2150E333-8FDC-42A3-9474-1A3956D46DE8}") = "XncfBuilder", "XncfBuilder", "{3C473DB5-6DAD-4BDE-B7AD-773DAB17582E}"
EndProject
Project("{9A19103F-16F7-4668-BE54-9A1E7A4F7556}") = "Senparc.Ncf.Database.Sqlite", "Basic\Senparc.Ncf.Database.Sqlite\Senparc.Ncf.Database.Sqlite.csproj", "{CD0C1BF6-2E3D-439F-B17D-8A7C678C9483}"
EndProject
Project("{9A19103F-16F7-4668-BE54-9A1E7A4F7556}") = "Senparc.Xncf.XncfBuilder.Tests", "Extensions\Senparc.Xncf.XncfBuilder\Senparc.Xncf.XncfBuilder.Tests\Senparc.Xncf.XncfBuilder.Tests.csproj", "{A7FB80C1-3ABB-48B5-B5DA-7EB7030C855A}"
EndProject
Project("{9A19103F-16F7-4668-BE54-9A1E7A4F7556}") = "Senparc.Xncf.XncfBuilder.Template", "Extensions\Senparc.Xncf.XncfBuilder\Senparc.Xncf.XncfBuilder.Template\Senparc.Xncf.XncfBuilder.Template.csproj", "{5959B9E5-B3D5-4E8B-9DAD-FF30C3D7FF33}"
EndProject
Project("{9A19103F-16F7-4668-BE54-9A1E7A4F7556}") = "Senparc.Xncf.Swagger", "Extensions\Senparc.Xncf.Swagger\Senparc.Xncf.Swagger.csproj", "{23201C29-1DAC-4B2B-9BEA-28454F4E5E8D}"
EndProject
Project("{9A19103F-16F7-4668-BE54-9A1E7A4F7556}") = "Senparc.Ncf.Database.PostgreSQL", "Basic\Senparc.Ncf.Database.PostgreSQL\Senparc.Ncf.Database.PostgreSQL.csproj", "{9074E017-FD2A-48BE-8125-E1270E7B111D}"
EndProject
Project("{2150E333-8FDC-42A3-9474-1A3956D46DE8}") = "_Unpublished", "_Unpublished", "{4771E55A-AC48-4DB6-BA73-89B65DA24955}"
EndProject
Project("{2150E333-8FDC-42A3-9474-1A3956D46DE8}") = "Unpublished", "Unpublished", "{1F5BD306-F852-4CAF-90D4-96BD7B518E3E}"
EndProject
Project("{9A19103F-16F7-4668-BE54-9A1E7A4F7556}") = "Senparc.Ncf.FileExtension", "Basic\Unpublished\Senparc.Ncf.FileExtension\Senparc.Ncf.FileExtension.csproj", "{8941C544-58C3-4261-A52E-13B45132CA14}"
EndProject
Project("{9A19103F-16F7-4668-BE54-9A1E7A4F7556}") = "Senparc.Ncf.ImageUtility", "Base\Unpublished\Senparc.Ncf.ImageUtility\Senparc.Ncf.ImageUtility.csproj", "{0BF37A1B-7D06-442D-8E36-68AF2546FA3C}"
EndProject
Project("{2150E333-8FDC-42A3-9474-1A3956D46DE8}") = "Unpublished", "Unpublished", "{4771E55A-AC48-4DB6-BA73-89B65DA24955}"
EndProject
Project("{9A19103F-16F7-4668-BE54-9A1E7A4F7556}") = "Senparc.Xncf.OfficeExtension", "Extensions\Unpublished\Senparc.Xncf.OfficeExtension\Senparc.Xncf.OfficeExtension.csproj", "{0B27A4D6-3E6F-485F-8150-FFAD27F6F8F7}"
EndProject
Project("{9A19103F-16F7-4668-BE54-9A1E7A4F7556}") = "Senparc.Xncf.EmailExtension", "Extensions\Unpublished\Senparc.Xncf.EmailExtension\Senparc.Xncf.EmailExtension.csproj", "{04FA0D71-27D0-485E-8CF3-4F9A76507919}"
EndProject
Project("{9A19103F-16F7-4668-BE54-9A1E7A4F7556}") = "Senparc.Xncf.SmsExtension", "Extensions\Unpublished\Senparc.Xncf.SmsExtension\Senparc.Xncf.SmsExtension.csproj", "{DAD20A24-09C4-4104-A930-99BD6A0216D5}"
EndProject
Project("{2150E333-8FDC-42A3-9474-1A3956D46DE8}") = "_SystemXncfs", "_SystemXncfs", "{97BBCB28-782F-43D5-A604-0376298AF256}"
	ProjectSection(SolutionItems) = preProject
		Extensions\System\readme.md = Extensions\System\readme.md
	EndProjectSection
EndProject
Project("{9A19103F-16F7-4668-BE54-9A1E7A4F7556}") = "[5940]Senparc.Xncf.Menu", "Extensions\System\Senparc.Xncf.Menu\[5940]Senparc.Xncf.Menu.csproj", "{023A95DB-D8AA-4123-9F9B-6A4616C7243A}"
EndProject
Project("{9A19103F-16F7-4668-BE54-9A1E7A4F7556}") = "[5970]Senparc.Xncf.SystemManager", "Extensions\System\Senparc.Xncf.SystemManager\[5970]Senparc.Xncf.SystemManager.csproj", "{DED3B5E4-D281-4399-BD0E-3F612FF419F2}"
EndProject
Project("{9A19103F-16F7-4668-BE54-9A1E7A4F7556}") = "[5950]Senparc.Xncf.XncfModuleManager", "Extensions\System\Senparc.Xncf.XncfModuleManager\[5950]Senparc.Xncf.XncfModuleManager.csproj", "{4135ED8B-229C-45C2-93E2-2A62E84E47ED}"
EndProject
Project("{9A19103F-16F7-4668-BE54-9A1E7A4F7556}") = "[5960]Senparc.Xncf.SystemPermission", "Extensions\System\Senparc.Xncf.SystemPermission\[5960]Senparc.Xncf.SystemPermission.csproj", "{642255CD-4B42-4CEB-A80A-D7D83F6CA989}"
EndProject
Project("{9A19103F-16F7-4668-BE54-9A1E7A4F7556}") = "[5980]Senparc.Xncf.SystemCore", "Extensions\System\Senparc.Xncf.SystemCore\[5980]Senparc.Xncf.SystemCore.csproj", "{6BB6D7C5-DC0A-4A57-BA61-F310A2D37A42}"
EndProject
Project("{2150E333-8FDC-42A3-9474-1A3956D46DE8}") = "DevelopmentTools", "DevelopmentTools", "{2BBB19E7-0703-405F-9101-59D811377ABD}"
EndProject
Project("{9A19103F-16F7-4668-BE54-9A1E7A4F7556}") = "Senparc.IntegrationSample", "DevelopmentTools\Senparc.IntegrationSample\Senparc.IntegrationSample.csproj", "{19E42C61-9663-4245-A977-A10F64C57A90}"
EndProject
Project("{9A19103F-16F7-4668-BE54-9A1E7A4F7556}") = "Senparc.Web.DatabasePlant", "DevelopmentTools\Senparc.Web.DatabasePlant\Senparc.Web.DatabasePlant.csproj", "{06CFA71C-9838-4280-B418-9BF96C46FA9A}"
EndProject
Project("{9A19103F-16F7-4668-BE54-9A1E7A4F7556}") = "[5990]Senparc.Xncf.Tenant", "Extensions\System\Senparc.Xncf.Tenant\[5990]Senparc.Xncf.Tenant.csproj", "{3DD8AA35-54A7-4343-8729-6F86F579C742}"
EndProject
Project("{9A19103F-16F7-4668-BE54-9A1E7A4F7556}") = "Senparc.Xncf.ReloadPage", "Extensions\Unpublished\Senparc.Xncf.ReloadPage\Senparc.Xncf.ReloadPage.csproj", "{6F00E79E-F405-4DC6-9A70-7D7065AC05B1}"
EndProject
Project("{9A19103F-16F7-4668-BE54-9A1E7A4F7556}") = "[5955]Senparc.Xncf.AreasBase", "Extensions\System\Senparc.Xncf.AreasBase\[5955]Senparc.Xncf.AreasBase.csproj", "{FDEA0DB9-BC50-48A7-A6C1-13A4990D4F22}"
EndProject
Project("{9A19103F-16F7-4668-BE54-9A1E7A4F7556}") = "[5990]Senparc.Xncf.Tenant.Interface", "Extensions\System\Senparc.Xncf.Tenant.Interface\[5990]Senparc.Xncf.Tenant.Interface.csproj", "{FFDF7FD9-2405-4E62-A1B0-1D5AC005D2EF}"
EndProject
Project("{9A19103F-16F7-4668-BE54-9A1E7A4F7556}") = "Senparc.Ncf.Database.Oracle", "Basic\Senparc.Ncf.Database.Oracle\Senparc.Ncf.Database.Oracle.csproj", "{52F24539-98C1-4002-8489-948B2AE5D951}"
EndProject
Project("{9A19103F-16F7-4668-BE54-9A1E7A4F7556}") = "Senparc.Xncf.Dapr", "Extensions\Senparc.Xncf.Dapr\Senparc.Xncf.Dapr.csproj", "{935FEC5B-8A3A-4660-A6C9-AF62CAC40E5C}"
EndProject
Project("{2150E333-8FDC-42A3-9474-1A3956D46DE8}") = "PromptRange", "PromptRange", "{32447ECC-E8AD-451B-B918-C00B78FBB9CD}"
EndProject
Project("{9A19103F-16F7-4668-BE54-9A1E7A4F7556}") = "Senparc.Xncf.PromptRange", "Extensions\Senparc.Xncf.PromptRange\Senparc.Xncf.PromptRange.csproj", "{31ACB9D0-E318-42F7-A7D7-F7D40AE75548}"
EndProject
Project("{9A19103F-16F7-4668-BE54-9A1E7A4F7556}") = "Senparc.Xncf.PromptRange.Tests", "Extensions\Senparc.Xncf.PromptRange.Tests\Senparc.Xncf.PromptRange.Tests.csproj", "{1328935B-885B-494D-AFF0-0FEEE18612A7}"
EndProject
Project("{2150E333-8FDC-42A3-9474-1A3956D46DE8}") = "Obsoleted", "Obsoleted", "{44527D1D-604E-495C-8E15-963508F26C7F}"
EndProject
Global
	GlobalSection(SolutionConfigurationPlatforms) = preSolution
		Debug|Any CPU = Debug|Any CPU
		Release|Any CPU = Release|Any CPU
		TemplateRelease|Any CPU = TemplateRelease|Any CPU
		Test|Any CPU = Test|Any CPU
	EndGlobalSection
	GlobalSection(ProjectConfigurationPlatforms) = postSolution
		{353775C5-4979-48FF-B4C6-90C54D923AB7}.Debug|Any CPU.ActiveCfg = Debug|Any CPU
		{353775C5-4979-48FF-B4C6-90C54D923AB7}.Debug|Any CPU.Build.0 = Debug|Any CPU
		{353775C5-4979-48FF-B4C6-90C54D923AB7}.Release|Any CPU.ActiveCfg = Release|Any CPU
		{353775C5-4979-48FF-B4C6-90C54D923AB7}.Release|Any CPU.Build.0 = Release|Any CPU
		{353775C5-4979-48FF-B4C6-90C54D923AB7}.TemplateRelease|Any CPU.ActiveCfg = Release|Any CPU
		{353775C5-4979-48FF-B4C6-90C54D923AB7}.TemplateRelease|Any CPU.Build.0 = Release|Any CPU
		{353775C5-4979-48FF-B4C6-90C54D923AB7}.Test|Any CPU.ActiveCfg = Test|Any CPU
		{353775C5-4979-48FF-B4C6-90C54D923AB7}.Test|Any CPU.Build.0 = Test|Any CPU
		{AB5A4906-7E58-4D1B-BA46-E7DCE40FD310}.Debug|Any CPU.ActiveCfg = Debug|Any CPU
		{AB5A4906-7E58-4D1B-BA46-E7DCE40FD310}.Debug|Any CPU.Build.0 = Debug|Any CPU
		{AB5A4906-7E58-4D1B-BA46-E7DCE40FD310}.Release|Any CPU.ActiveCfg = Release|Any CPU
		{AB5A4906-7E58-4D1B-BA46-E7DCE40FD310}.Release|Any CPU.Build.0 = Release|Any CPU
		{AB5A4906-7E58-4D1B-BA46-E7DCE40FD310}.TemplateRelease|Any CPU.ActiveCfg = Release|Any CPU
		{AB5A4906-7E58-4D1B-BA46-E7DCE40FD310}.TemplateRelease|Any CPU.Build.0 = Release|Any CPU
		{AB5A4906-7E58-4D1B-BA46-E7DCE40FD310}.Test|Any CPU.ActiveCfg = Debug|Any CPU
		{AB5A4906-7E58-4D1B-BA46-E7DCE40FD310}.Test|Any CPU.Build.0 = Debug|Any CPU
		{9715307C-A38E-416C-B9A3-EF0F39837A1A}.Debug|Any CPU.ActiveCfg = Debug|Any CPU
		{9715307C-A38E-416C-B9A3-EF0F39837A1A}.Debug|Any CPU.Build.0 = Debug|Any CPU
		{9715307C-A38E-416C-B9A3-EF0F39837A1A}.Release|Any CPU.ActiveCfg = Release|Any CPU
		{9715307C-A38E-416C-B9A3-EF0F39837A1A}.Release|Any CPU.Build.0 = Release|Any CPU
		{9715307C-A38E-416C-B9A3-EF0F39837A1A}.TemplateRelease|Any CPU.ActiveCfg = Release|Any CPU
		{9715307C-A38E-416C-B9A3-EF0F39837A1A}.TemplateRelease|Any CPU.Build.0 = Release|Any CPU
		{9715307C-A38E-416C-B9A3-EF0F39837A1A}.Test|Any CPU.ActiveCfg = Test|Any CPU
		{9715307C-A38E-416C-B9A3-EF0F39837A1A}.Test|Any CPU.Build.0 = Test|Any CPU
		{2AF3D7C2-0633-4D15-8E29-5E068F0D2DDA}.Debug|Any CPU.ActiveCfg = Debug|Any CPU
		{2AF3D7C2-0633-4D15-8E29-5E068F0D2DDA}.Debug|Any CPU.Build.0 = Debug|Any CPU
		{2AF3D7C2-0633-4D15-8E29-5E068F0D2DDA}.Release|Any CPU.ActiveCfg = Release|Any CPU
		{2AF3D7C2-0633-4D15-8E29-5E068F0D2DDA}.Release|Any CPU.Build.0 = Release|Any CPU
		{2AF3D7C2-0633-4D15-8E29-5E068F0D2DDA}.TemplateRelease|Any CPU.ActiveCfg = Release|Any CPU
		{2AF3D7C2-0633-4D15-8E29-5E068F0D2DDA}.TemplateRelease|Any CPU.Build.0 = Release|Any CPU
		{2AF3D7C2-0633-4D15-8E29-5E068F0D2DDA}.Test|Any CPU.ActiveCfg = Test|Any CPU
		{2AF3D7C2-0633-4D15-8E29-5E068F0D2DDA}.Test|Any CPU.Build.0 = Test|Any CPU
		{49853A70-AE13-481D-9A98-72DE029717C9}.Debug|Any CPU.ActiveCfg = Debug|Any CPU
		{49853A70-AE13-481D-9A98-72DE029717C9}.Debug|Any CPU.Build.0 = Debug|Any CPU
		{49853A70-AE13-481D-9A98-72DE029717C9}.Release|Any CPU.ActiveCfg = Release|Any CPU
		{49853A70-AE13-481D-9A98-72DE029717C9}.Release|Any CPU.Build.0 = Release|Any CPU
		{49853A70-AE13-481D-9A98-72DE029717C9}.TemplateRelease|Any CPU.ActiveCfg = Release|Any CPU
		{49853A70-AE13-481D-9A98-72DE029717C9}.TemplateRelease|Any CPU.Build.0 = Release|Any CPU
		{49853A70-AE13-481D-9A98-72DE029717C9}.Test|Any CPU.ActiveCfg = Test|Any CPU
		{49853A70-AE13-481D-9A98-72DE029717C9}.Test|Any CPU.Build.0 = Test|Any CPU
		{05EA51B5-9C9D-457F-A69E-9ACB218D7AA5}.Debug|Any CPU.ActiveCfg = Debug|Any CPU
		{05EA51B5-9C9D-457F-A69E-9ACB218D7AA5}.Debug|Any CPU.Build.0 = Debug|Any CPU
		{05EA51B5-9C9D-457F-A69E-9ACB218D7AA5}.Release|Any CPU.ActiveCfg = Release|Any CPU
		{05EA51B5-9C9D-457F-A69E-9ACB218D7AA5}.Release|Any CPU.Build.0 = Release|Any CPU
		{05EA51B5-9C9D-457F-A69E-9ACB218D7AA5}.TemplateRelease|Any CPU.ActiveCfg = Release|Any CPU
		{05EA51B5-9C9D-457F-A69E-9ACB218D7AA5}.TemplateRelease|Any CPU.Build.0 = Release|Any CPU
		{05EA51B5-9C9D-457F-A69E-9ACB218D7AA5}.Test|Any CPU.ActiveCfg = Test|Any CPU
		{05EA51B5-9C9D-457F-A69E-9ACB218D7AA5}.Test|Any CPU.Build.0 = Test|Any CPU
		{D67659FE-8708-4913-9A56-BE8ECB838405}.Debug|Any CPU.ActiveCfg = Debug|Any CPU
		{D67659FE-8708-4913-9A56-BE8ECB838405}.Debug|Any CPU.Build.0 = Debug|Any CPU
		{D67659FE-8708-4913-9A56-BE8ECB838405}.Release|Any CPU.ActiveCfg = Release|Any CPU
		{D67659FE-8708-4913-9A56-BE8ECB838405}.Release|Any CPU.Build.0 = Release|Any CPU
		{D67659FE-8708-4913-9A56-BE8ECB838405}.TemplateRelease|Any CPU.ActiveCfg = Release|Any CPU
		{D67659FE-8708-4913-9A56-BE8ECB838405}.TemplateRelease|Any CPU.Build.0 = Release|Any CPU
		{D67659FE-8708-4913-9A56-BE8ECB838405}.Test|Any CPU.ActiveCfg = Test|Any CPU
		{D67659FE-8708-4913-9A56-BE8ECB838405}.Test|Any CPU.Build.0 = Test|Any CPU
		{6E82880C-097D-47A5-82B4-BA505050BC85}.Debug|Any CPU.ActiveCfg = Debug|Any CPU
		{6E82880C-097D-47A5-82B4-BA505050BC85}.Debug|Any CPU.Build.0 = Debug|Any CPU
		{6E82880C-097D-47A5-82B4-BA505050BC85}.Release|Any CPU.ActiveCfg = Release|Any CPU
		{6E82880C-097D-47A5-82B4-BA505050BC85}.Release|Any CPU.Build.0 = Release|Any CPU
		{6E82880C-097D-47A5-82B4-BA505050BC85}.TemplateRelease|Any CPU.ActiveCfg = Release|Any CPU
		{6E82880C-097D-47A5-82B4-BA505050BC85}.TemplateRelease|Any CPU.Build.0 = Release|Any CPU
		{6E82880C-097D-47A5-82B4-BA505050BC85}.Test|Any CPU.ActiveCfg = Test|Any CPU
		{6E82880C-097D-47A5-82B4-BA505050BC85}.Test|Any CPU.Build.0 = Test|Any CPU
		{A151364D-A8F3-49CF-8A0E-8CBE9833225D}.Debug|Any CPU.ActiveCfg = Debug|Any CPU
		{A151364D-A8F3-49CF-8A0E-8CBE9833225D}.Debug|Any CPU.Build.0 = Debug|Any CPU
		{A151364D-A8F3-49CF-8A0E-8CBE9833225D}.Release|Any CPU.ActiveCfg = Release|Any CPU
		{A151364D-A8F3-49CF-8A0E-8CBE9833225D}.Release|Any CPU.Build.0 = Release|Any CPU
		{A151364D-A8F3-49CF-8A0E-8CBE9833225D}.TemplateRelease|Any CPU.ActiveCfg = Release|Any CPU
		{A151364D-A8F3-49CF-8A0E-8CBE9833225D}.TemplateRelease|Any CPU.Build.0 = Release|Any CPU
		{A151364D-A8F3-49CF-8A0E-8CBE9833225D}.Test|Any CPU.ActiveCfg = Test|Any CPU
		{A151364D-A8F3-49CF-8A0E-8CBE9833225D}.Test|Any CPU.Build.0 = Test|Any CPU
		{C040A61E-E18C-4DB1-ADC1-E399B4675ED8}.Debug|Any CPU.ActiveCfg = Debug|Any CPU
		{C040A61E-E18C-4DB1-ADC1-E399B4675ED8}.Release|Any CPU.ActiveCfg = Release|Any CPU
		{C040A61E-E18C-4DB1-ADC1-E399B4675ED8}.TemplateRelease|Any CPU.ActiveCfg = Release|Any CPU
		{C040A61E-E18C-4DB1-ADC1-E399B4675ED8}.Test|Any CPU.ActiveCfg = Debug|Any CPU
		{C040A61E-E18C-4DB1-ADC1-E399B4675ED8}.Test|Any CPU.Build.0 = Debug|Any CPU
		{D1FAA0A7-A6A9-4C95-80DB-F082B9B4C0FB}.Debug|Any CPU.ActiveCfg = Debug|Any CPU
		{D1FAA0A7-A6A9-4C95-80DB-F082B9B4C0FB}.Release|Any CPU.ActiveCfg = Release|Any CPU
		{D1FAA0A7-A6A9-4C95-80DB-F082B9B4C0FB}.TemplateRelease|Any CPU.ActiveCfg = Release|Any CPU
		{D1FAA0A7-A6A9-4C95-80DB-F082B9B4C0FB}.Test|Any CPU.ActiveCfg = Debug|Any CPU
		{D1FAA0A7-A6A9-4C95-80DB-F082B9B4C0FB}.Test|Any CPU.Build.0 = Debug|Any CPU
		{392AB3DA-C723-41F6-BEA9-41AA716B185E}.Debug|Any CPU.ActiveCfg = Debug|Any CPU
		{392AB3DA-C723-41F6-BEA9-41AA716B185E}.Debug|Any CPU.Build.0 = Debug|Any CPU
		{392AB3DA-C723-41F6-BEA9-41AA716B185E}.Release|Any CPU.ActiveCfg = Release|Any CPU
		{392AB3DA-C723-41F6-BEA9-41AA716B185E}.Release|Any CPU.Build.0 = Release|Any CPU
		{392AB3DA-C723-41F6-BEA9-41AA716B185E}.TemplateRelease|Any CPU.ActiveCfg = Release|Any CPU
		{392AB3DA-C723-41F6-BEA9-41AA716B185E}.TemplateRelease|Any CPU.Build.0 = Release|Any CPU
		{392AB3DA-C723-41F6-BEA9-41AA716B185E}.Test|Any CPU.ActiveCfg = Debug|Any CPU
		{392AB3DA-C723-41F6-BEA9-41AA716B185E}.Test|Any CPU.Build.0 = Debug|Any CPU
		{AE7AF7D8-0B89-45F5-99D7-593BFFC2BA6D}.Debug|Any CPU.ActiveCfg = Debug|Any CPU
		{AE7AF7D8-0B89-45F5-99D7-593BFFC2BA6D}.Debug|Any CPU.Build.0 = Debug|Any CPU
		{AE7AF7D8-0B89-45F5-99D7-593BFFC2BA6D}.Release|Any CPU.ActiveCfg = Release|Any CPU
		{AE7AF7D8-0B89-45F5-99D7-593BFFC2BA6D}.Release|Any CPU.Build.0 = Release|Any CPU
		{AE7AF7D8-0B89-45F5-99D7-593BFFC2BA6D}.TemplateRelease|Any CPU.ActiveCfg = Release|Any CPU
		{AE7AF7D8-0B89-45F5-99D7-593BFFC2BA6D}.TemplateRelease|Any CPU.Build.0 = Release|Any CPU
		{AE7AF7D8-0B89-45F5-99D7-593BFFC2BA6D}.Test|Any CPU.ActiveCfg = Test|Any CPU
		{AE7AF7D8-0B89-45F5-99D7-593BFFC2BA6D}.Test|Any CPU.Build.0 = Test|Any CPU
		{4E18BD15-9397-43A0-87F4-770FDF434403}.Debug|Any CPU.ActiveCfg = Debug|Any CPU
		{4E18BD15-9397-43A0-87F4-770FDF434403}.Debug|Any CPU.Build.0 = Debug|Any CPU
		{4E18BD15-9397-43A0-87F4-770FDF434403}.Release|Any CPU.ActiveCfg = Release|Any CPU
		{4E18BD15-9397-43A0-87F4-770FDF434403}.Release|Any CPU.Build.0 = Release|Any CPU
		{4E18BD15-9397-43A0-87F4-770FDF434403}.TemplateRelease|Any CPU.ActiveCfg = Release|Any CPU
		{4E18BD15-9397-43A0-87F4-770FDF434403}.TemplateRelease|Any CPU.Build.0 = Release|Any CPU
		{4E18BD15-9397-43A0-87F4-770FDF434403}.Test|Any CPU.ActiveCfg = Debug|Any CPU
		{4E18BD15-9397-43A0-87F4-770FDF434403}.Test|Any CPU.Build.0 = Debug|Any CPU
		{D6EBAAD8-8E3E-4BB8-8E8F-47E2AA7286BF}.Debug|Any CPU.ActiveCfg = Debug|Any CPU
		{D6EBAAD8-8E3E-4BB8-8E8F-47E2AA7286BF}.Debug|Any CPU.Build.0 = Debug|Any CPU
		{D6EBAAD8-8E3E-4BB8-8E8F-47E2AA7286BF}.Release|Any CPU.ActiveCfg = Release|Any CPU
		{D6EBAAD8-8E3E-4BB8-8E8F-47E2AA7286BF}.Release|Any CPU.Build.0 = Release|Any CPU
		{D6EBAAD8-8E3E-4BB8-8E8F-47E2AA7286BF}.TemplateRelease|Any CPU.ActiveCfg = Release|Any CPU
		{D6EBAAD8-8E3E-4BB8-8E8F-47E2AA7286BF}.TemplateRelease|Any CPU.Build.0 = Release|Any CPU
		{D6EBAAD8-8E3E-4BB8-8E8F-47E2AA7286BF}.Test|Any CPU.ActiveCfg = Debug|Any CPU
		{D6EBAAD8-8E3E-4BB8-8E8F-47E2AA7286BF}.Test|Any CPU.Build.0 = Debug|Any CPU
		{6D2A1F6F-EB14-4C12-B65B-FAB3F6AA4D66}.Debug|Any CPU.ActiveCfg = Debug|Any CPU
		{6D2A1F6F-EB14-4C12-B65B-FAB3F6AA4D66}.Debug|Any CPU.Build.0 = Debug|Any CPU
		{6D2A1F6F-EB14-4C12-B65B-FAB3F6AA4D66}.Release|Any CPU.ActiveCfg = Release|Any CPU
		{6D2A1F6F-EB14-4C12-B65B-FAB3F6AA4D66}.Release|Any CPU.Build.0 = Release|Any CPU
		{6D2A1F6F-EB14-4C12-B65B-FAB3F6AA4D66}.TemplateRelease|Any CPU.ActiveCfg = Release|Any CPU
		{6D2A1F6F-EB14-4C12-B65B-FAB3F6AA4D66}.TemplateRelease|Any CPU.Build.0 = Release|Any CPU
		{6D2A1F6F-EB14-4C12-B65B-FAB3F6AA4D66}.Test|Any CPU.ActiveCfg = Test|Any CPU
		{6D2A1F6F-EB14-4C12-B65B-FAB3F6AA4D66}.Test|Any CPU.Build.0 = Test|Any CPU
		{EEE0FF80-C554-4281-AD21-A0D72D4CC712}.Debug|Any CPU.ActiveCfg = Debug|Any CPU
		{EEE0FF80-C554-4281-AD21-A0D72D4CC712}.Debug|Any CPU.Build.0 = Debug|Any CPU
		{EEE0FF80-C554-4281-AD21-A0D72D4CC712}.Release|Any CPU.ActiveCfg = Release|Any CPU
		{EEE0FF80-C554-4281-AD21-A0D72D4CC712}.Release|Any CPU.Build.0 = Release|Any CPU
		{EEE0FF80-C554-4281-AD21-A0D72D4CC712}.TemplateRelease|Any CPU.ActiveCfg = Release|Any CPU
		{EEE0FF80-C554-4281-AD21-A0D72D4CC712}.TemplateRelease|Any CPU.Build.0 = Release|Any CPU
		{EEE0FF80-C554-4281-AD21-A0D72D4CC712}.Test|Any CPU.ActiveCfg = Test|Any CPU
		{EEE0FF80-C554-4281-AD21-A0D72D4CC712}.Test|Any CPU.Build.0 = Test|Any CPU
		{AD791365-1699-411D-89BC-F5CE60451037}.Debug|Any CPU.ActiveCfg = Debug|Any CPU
		{AD791365-1699-411D-89BC-F5CE60451037}.Debug|Any CPU.Build.0 = Debug|Any CPU
		{AD791365-1699-411D-89BC-F5CE60451037}.Release|Any CPU.ActiveCfg = Release|Any CPU
		{AD791365-1699-411D-89BC-F5CE60451037}.Release|Any CPU.Build.0 = Release|Any CPU
		{AD791365-1699-411D-89BC-F5CE60451037}.TemplateRelease|Any CPU.ActiveCfg = Release|Any CPU
		{AD791365-1699-411D-89BC-F5CE60451037}.TemplateRelease|Any CPU.Build.0 = Release|Any CPU
		{AD791365-1699-411D-89BC-F5CE60451037}.Test|Any CPU.ActiveCfg = Test|Any CPU
		{AD791365-1699-411D-89BC-F5CE60451037}.Test|Any CPU.Build.0 = Test|Any CPU
		{1DAB450F-E39E-4F01-9C08-90D154FBC252}.Debug|Any CPU.ActiveCfg = Debug|Any CPU
		{1DAB450F-E39E-4F01-9C08-90D154FBC252}.Debug|Any CPU.Build.0 = Debug|Any CPU
		{1DAB450F-E39E-4F01-9C08-90D154FBC252}.Release|Any CPU.ActiveCfg = Release|Any CPU
		{1DAB450F-E39E-4F01-9C08-90D154FBC252}.Release|Any CPU.Build.0 = Release|Any CPU
		{1DAB450F-E39E-4F01-9C08-90D154FBC252}.TemplateRelease|Any CPU.ActiveCfg = Release|Any CPU
		{1DAB450F-E39E-4F01-9C08-90D154FBC252}.TemplateRelease|Any CPU.Build.0 = Release|Any CPU
		{1DAB450F-E39E-4F01-9C08-90D154FBC252}.Test|Any CPU.ActiveCfg = Test|Any CPU
		{1DAB450F-E39E-4F01-9C08-90D154FBC252}.Test|Any CPU.Build.0 = Test|Any CPU
		{3CD452CA-6A58-40C1-9FB3-2D6D55CD4605}.Debug|Any CPU.ActiveCfg = Debug|Any CPU
		{3CD452CA-6A58-40C1-9FB3-2D6D55CD4605}.Release|Any CPU.ActiveCfg = Release|Any CPU
		{3CD452CA-6A58-40C1-9FB3-2D6D55CD4605}.TemplateRelease|Any CPU.ActiveCfg = Release|Any CPU
		{3CD452CA-6A58-40C1-9FB3-2D6D55CD4605}.Test|Any CPU.ActiveCfg = Debug|Any CPU
		{3CD452CA-6A58-40C1-9FB3-2D6D55CD4605}.Test|Any CPU.Build.0 = Debug|Any CPU
		{20893400-862D-48F8-A9B9-6431B20BB763}.Debug|Any CPU.ActiveCfg = Debug|Any CPU
		{20893400-862D-48F8-A9B9-6431B20BB763}.Release|Any CPU.ActiveCfg = Release|Any CPU
		{20893400-862D-48F8-A9B9-6431B20BB763}.TemplateRelease|Any CPU.ActiveCfg = Release|Any CPU
		{20893400-862D-48F8-A9B9-6431B20BB763}.Test|Any CPU.ActiveCfg = Test|Any CPU
		{20893400-862D-48F8-A9B9-6431B20BB763}.Test|Any CPU.Build.0 = Test|Any CPU
		{548A1BB0-88DE-45D4-95DF-2538A9592823}.Debug|Any CPU.ActiveCfg = Debug|Any CPU
		{548A1BB0-88DE-45D4-95DF-2538A9592823}.Debug|Any CPU.Build.0 = Debug|Any CPU
		{548A1BB0-88DE-45D4-95DF-2538A9592823}.Release|Any CPU.ActiveCfg = Release|Any CPU
		{548A1BB0-88DE-45D4-95DF-2538A9592823}.Release|Any CPU.Build.0 = Release|Any CPU
		{548A1BB0-88DE-45D4-95DF-2538A9592823}.TemplateRelease|Any CPU.ActiveCfg = Release|Any CPU
		{548A1BB0-88DE-45D4-95DF-2538A9592823}.TemplateRelease|Any CPU.Build.0 = Release|Any CPU
		{548A1BB0-88DE-45D4-95DF-2538A9592823}.Test|Any CPU.ActiveCfg = Test|Any CPU
		{548A1BB0-88DE-45D4-95DF-2538A9592823}.Test|Any CPU.Build.0 = Test|Any CPU
		{CD0C1BF6-2E3D-439F-B17D-8A7C678C9483}.Debug|Any CPU.ActiveCfg = Debug|Any CPU
		{CD0C1BF6-2E3D-439F-B17D-8A7C678C9483}.Debug|Any CPU.Build.0 = Debug|Any CPU
		{CD0C1BF6-2E3D-439F-B17D-8A7C678C9483}.Release|Any CPU.ActiveCfg = Release|Any CPU
		{CD0C1BF6-2E3D-439F-B17D-8A7C678C9483}.Release|Any CPU.Build.0 = Release|Any CPU
		{CD0C1BF6-2E3D-439F-B17D-8A7C678C9483}.TemplateRelease|Any CPU.ActiveCfg = Release|Any CPU
		{CD0C1BF6-2E3D-439F-B17D-8A7C678C9483}.TemplateRelease|Any CPU.Build.0 = Release|Any CPU
		{CD0C1BF6-2E3D-439F-B17D-8A7C678C9483}.Test|Any CPU.ActiveCfg = Test|Any CPU
		{CD0C1BF6-2E3D-439F-B17D-8A7C678C9483}.Test|Any CPU.Build.0 = Test|Any CPU
		{A7FB80C1-3ABB-48B5-B5DA-7EB7030C855A}.Debug|Any CPU.ActiveCfg = Debug|Any CPU
		{A7FB80C1-3ABB-48B5-B5DA-7EB7030C855A}.Release|Any CPU.ActiveCfg = Release|Any CPU
		{A7FB80C1-3ABB-48B5-B5DA-7EB7030C855A}.TemplateRelease|Any CPU.ActiveCfg = Release|Any CPU
		{A7FB80C1-3ABB-48B5-B5DA-7EB7030C855A}.Test|Any CPU.ActiveCfg = Debug|Any CPU
		{A7FB80C1-3ABB-48B5-B5DA-7EB7030C855A}.Test|Any CPU.Build.0 = Debug|Any CPU
		{5959B9E5-B3D5-4E8B-9DAD-FF30C3D7FF33}.Debug|Any CPU.ActiveCfg = Debug|Any CPU
		{5959B9E5-B3D5-4E8B-9DAD-FF30C3D7FF33}.Debug|Any CPU.Build.0 = Debug|Any CPU
		{5959B9E5-B3D5-4E8B-9DAD-FF30C3D7FF33}.Release|Any CPU.ActiveCfg = Release|Any CPU
		{5959B9E5-B3D5-4E8B-9DAD-FF30C3D7FF33}.TemplateRelease|Any CPU.ActiveCfg = TemplateRelease|Any CPU
		{5959B9E5-B3D5-4E8B-9DAD-FF30C3D7FF33}.TemplateRelease|Any CPU.Build.0 = TemplateRelease|Any CPU
		{5959B9E5-B3D5-4E8B-9DAD-FF30C3D7FF33}.Test|Any CPU.ActiveCfg = Test|Any CPU
		{5959B9E5-B3D5-4E8B-9DAD-FF30C3D7FF33}.Test|Any CPU.Build.0 = Test|Any CPU
		{23201C29-1DAC-4B2B-9BEA-28454F4E5E8D}.Debug|Any CPU.ActiveCfg = Debug|Any CPU
		{23201C29-1DAC-4B2B-9BEA-28454F4E5E8D}.Debug|Any CPU.Build.0 = Debug|Any CPU
		{23201C29-1DAC-4B2B-9BEA-28454F4E5E8D}.Release|Any CPU.ActiveCfg = Release|Any CPU
		{23201C29-1DAC-4B2B-9BEA-28454F4E5E8D}.Release|Any CPU.Build.0 = Release|Any CPU
		{23201C29-1DAC-4B2B-9BEA-28454F4E5E8D}.TemplateRelease|Any CPU.ActiveCfg = Release|Any CPU
		{23201C29-1DAC-4B2B-9BEA-28454F4E5E8D}.TemplateRelease|Any CPU.Build.0 = Release|Any CPU
		{23201C29-1DAC-4B2B-9BEA-28454F4E5E8D}.Test|Any CPU.ActiveCfg = Test|Any CPU
		{23201C29-1DAC-4B2B-9BEA-28454F4E5E8D}.Test|Any CPU.Build.0 = Test|Any CPU
		{9074E017-FD2A-48BE-8125-E1270E7B111D}.Debug|Any CPU.ActiveCfg = Debug|Any CPU
		{9074E017-FD2A-48BE-8125-E1270E7B111D}.Debug|Any CPU.Build.0 = Debug|Any CPU
		{9074E017-FD2A-48BE-8125-E1270E7B111D}.Release|Any CPU.ActiveCfg = Release|Any CPU
		{9074E017-FD2A-48BE-8125-E1270E7B111D}.Release|Any CPU.Build.0 = Release|Any CPU
		{9074E017-FD2A-48BE-8125-E1270E7B111D}.TemplateRelease|Any CPU.ActiveCfg = Release|Any CPU
		{9074E017-FD2A-48BE-8125-E1270E7B111D}.TemplateRelease|Any CPU.Build.0 = Release|Any CPU
		{9074E017-FD2A-48BE-8125-E1270E7B111D}.Test|Any CPU.ActiveCfg = Debug|Any CPU
		{9074E017-FD2A-48BE-8125-E1270E7B111D}.Test|Any CPU.Build.0 = Debug|Any CPU
		{8941C544-58C3-4261-A52E-13B45132CA14}.Debug|Any CPU.ActiveCfg = Debug|Any CPU
		{8941C544-58C3-4261-A52E-13B45132CA14}.Debug|Any CPU.Build.0 = Debug|Any CPU
		{8941C544-58C3-4261-A52E-13B45132CA14}.Release|Any CPU.ActiveCfg = Release|Any CPU
		{8941C544-58C3-4261-A52E-13B45132CA14}.Release|Any CPU.Build.0 = Release|Any CPU
		{8941C544-58C3-4261-A52E-13B45132CA14}.TemplateRelease|Any CPU.ActiveCfg = Release|Any CPU
		{8941C544-58C3-4261-A52E-13B45132CA14}.TemplateRelease|Any CPU.Build.0 = Release|Any CPU
		{8941C544-58C3-4261-A52E-13B45132CA14}.Test|Any CPU.ActiveCfg = Debug|Any CPU
		{8941C544-58C3-4261-A52E-13B45132CA14}.Test|Any CPU.Build.0 = Debug|Any CPU
		{0BF37A1B-7D06-442D-8E36-68AF2546FA3C}.Debug|Any CPU.ActiveCfg = Debug|Any CPU
		{0BF37A1B-7D06-442D-8E36-68AF2546FA3C}.Debug|Any CPU.Build.0 = Debug|Any CPU
		{0BF37A1B-7D06-442D-8E36-68AF2546FA3C}.Release|Any CPU.ActiveCfg = Release|Any CPU
		{0BF37A1B-7D06-442D-8E36-68AF2546FA3C}.Release|Any CPU.Build.0 = Release|Any CPU
		{0BF37A1B-7D06-442D-8E36-68AF2546FA3C}.TemplateRelease|Any CPU.ActiveCfg = Release|Any CPU
		{0BF37A1B-7D06-442D-8E36-68AF2546FA3C}.TemplateRelease|Any CPU.Build.0 = Release|Any CPU
		{0BF37A1B-7D06-442D-8E36-68AF2546FA3C}.Test|Any CPU.ActiveCfg = Debug|Any CPU
		{0BF37A1B-7D06-442D-8E36-68AF2546FA3C}.Test|Any CPU.Build.0 = Debug|Any CPU
		{0B27A4D6-3E6F-485F-8150-FFAD27F6F8F7}.Debug|Any CPU.ActiveCfg = Debug|Any CPU
		{0B27A4D6-3E6F-485F-8150-FFAD27F6F8F7}.Debug|Any CPU.Build.0 = Debug|Any CPU
		{0B27A4D6-3E6F-485F-8150-FFAD27F6F8F7}.Release|Any CPU.ActiveCfg = Release|Any CPU
		{0B27A4D6-3E6F-485F-8150-FFAD27F6F8F7}.Release|Any CPU.Build.0 = Release|Any CPU
		{0B27A4D6-3E6F-485F-8150-FFAD27F6F8F7}.TemplateRelease|Any CPU.ActiveCfg = TemplateRelease|Any CPU
		{0B27A4D6-3E6F-485F-8150-FFAD27F6F8F7}.TemplateRelease|Any CPU.Build.0 = TemplateRelease|Any CPU
		{0B27A4D6-3E6F-485F-8150-FFAD27F6F8F7}.Test|Any CPU.ActiveCfg = Test|Any CPU
		{0B27A4D6-3E6F-485F-8150-FFAD27F6F8F7}.Test|Any CPU.Build.0 = Test|Any CPU
		{04FA0D71-27D0-485E-8CF3-4F9A76507919}.Debug|Any CPU.ActiveCfg = Debug|Any CPU
		{04FA0D71-27D0-485E-8CF3-4F9A76507919}.Debug|Any CPU.Build.0 = Debug|Any CPU
		{04FA0D71-27D0-485E-8CF3-4F9A76507919}.Release|Any CPU.ActiveCfg = Release|Any CPU
		{04FA0D71-27D0-485E-8CF3-4F9A76507919}.Release|Any CPU.Build.0 = Release|Any CPU
		{04FA0D71-27D0-485E-8CF3-4F9A76507919}.TemplateRelease|Any CPU.ActiveCfg = TemplateRelease|Any CPU
		{04FA0D71-27D0-485E-8CF3-4F9A76507919}.TemplateRelease|Any CPU.Build.0 = TemplateRelease|Any CPU
		{04FA0D71-27D0-485E-8CF3-4F9A76507919}.Test|Any CPU.ActiveCfg = Test|Any CPU
		{04FA0D71-27D0-485E-8CF3-4F9A76507919}.Test|Any CPU.Build.0 = Test|Any CPU
		{DAD20A24-09C4-4104-A930-99BD6A0216D5}.Debug|Any CPU.ActiveCfg = Debug|Any CPU
		{DAD20A24-09C4-4104-A930-99BD6A0216D5}.Debug|Any CPU.Build.0 = Debug|Any CPU
		{DAD20A24-09C4-4104-A930-99BD6A0216D5}.Release|Any CPU.ActiveCfg = Release|Any CPU
		{DAD20A24-09C4-4104-A930-99BD6A0216D5}.Release|Any CPU.Build.0 = Release|Any CPU
		{DAD20A24-09C4-4104-A930-99BD6A0216D5}.TemplateRelease|Any CPU.ActiveCfg = TemplateRelease|Any CPU
		{DAD20A24-09C4-4104-A930-99BD6A0216D5}.TemplateRelease|Any CPU.Build.0 = TemplateRelease|Any CPU
		{DAD20A24-09C4-4104-A930-99BD6A0216D5}.Test|Any CPU.ActiveCfg = Test|Any CPU
		{DAD20A24-09C4-4104-A930-99BD6A0216D5}.Test|Any CPU.Build.0 = Test|Any CPU
		{023A95DB-D8AA-4123-9F9B-6A4616C7243A}.Debug|Any CPU.ActiveCfg = Debug|Any CPU
		{023A95DB-D8AA-4123-9F9B-6A4616C7243A}.Debug|Any CPU.Build.0 = Debug|Any CPU
		{023A95DB-D8AA-4123-9F9B-6A4616C7243A}.Release|Any CPU.ActiveCfg = Release|Any CPU
		{023A95DB-D8AA-4123-9F9B-6A4616C7243A}.Release|Any CPU.Build.0 = Release|Any CPU
		{023A95DB-D8AA-4123-9F9B-6A4616C7243A}.TemplateRelease|Any CPU.ActiveCfg = TemplateRelease|Any CPU
		{023A95DB-D8AA-4123-9F9B-6A4616C7243A}.TemplateRelease|Any CPU.Build.0 = TemplateRelease|Any CPU
		{023A95DB-D8AA-4123-9F9B-6A4616C7243A}.Test|Any CPU.ActiveCfg = Test|Any CPU
		{023A95DB-D8AA-4123-9F9B-6A4616C7243A}.Test|Any CPU.Build.0 = Test|Any CPU
		{DED3B5E4-D281-4399-BD0E-3F612FF419F2}.Debug|Any CPU.ActiveCfg = Debug|Any CPU
		{DED3B5E4-D281-4399-BD0E-3F612FF419F2}.Debug|Any CPU.Build.0 = Debug|Any CPU
		{DED3B5E4-D281-4399-BD0E-3F612FF419F2}.Release|Any CPU.ActiveCfg = Release|Any CPU
		{DED3B5E4-D281-4399-BD0E-3F612FF419F2}.Release|Any CPU.Build.0 = Release|Any CPU
		{DED3B5E4-D281-4399-BD0E-3F612FF419F2}.TemplateRelease|Any CPU.ActiveCfg = TemplateRelease|Any CPU
		{DED3B5E4-D281-4399-BD0E-3F612FF419F2}.TemplateRelease|Any CPU.Build.0 = TemplateRelease|Any CPU
		{DED3B5E4-D281-4399-BD0E-3F612FF419F2}.Test|Any CPU.ActiveCfg = Test|Any CPU
		{DED3B5E4-D281-4399-BD0E-3F612FF419F2}.Test|Any CPU.Build.0 = Test|Any CPU
		{4135ED8B-229C-45C2-93E2-2A62E84E47ED}.Debug|Any CPU.ActiveCfg = Debug|Any CPU
		{4135ED8B-229C-45C2-93E2-2A62E84E47ED}.Debug|Any CPU.Build.0 = Debug|Any CPU
		{4135ED8B-229C-45C2-93E2-2A62E84E47ED}.Release|Any CPU.ActiveCfg = Release|Any CPU
		{4135ED8B-229C-45C2-93E2-2A62E84E47ED}.Release|Any CPU.Build.0 = Release|Any CPU
		{4135ED8B-229C-45C2-93E2-2A62E84E47ED}.TemplateRelease|Any CPU.ActiveCfg = TemplateRelease|Any CPU
		{4135ED8B-229C-45C2-93E2-2A62E84E47ED}.TemplateRelease|Any CPU.Build.0 = TemplateRelease|Any CPU
		{4135ED8B-229C-45C2-93E2-2A62E84E47ED}.Test|Any CPU.ActiveCfg = Test|Any CPU
		{4135ED8B-229C-45C2-93E2-2A62E84E47ED}.Test|Any CPU.Build.0 = Test|Any CPU
		{642255CD-4B42-4CEB-A80A-D7D83F6CA989}.Debug|Any CPU.ActiveCfg = Debug|Any CPU
		{642255CD-4B42-4CEB-A80A-D7D83F6CA989}.Debug|Any CPU.Build.0 = Debug|Any CPU
		{642255CD-4B42-4CEB-A80A-D7D83F6CA989}.Release|Any CPU.ActiveCfg = Release|Any CPU
		{642255CD-4B42-4CEB-A80A-D7D83F6CA989}.Release|Any CPU.Build.0 = Release|Any CPU
		{642255CD-4B42-4CEB-A80A-D7D83F6CA989}.TemplateRelease|Any CPU.ActiveCfg = TemplateRelease|Any CPU
		{642255CD-4B42-4CEB-A80A-D7D83F6CA989}.TemplateRelease|Any CPU.Build.0 = TemplateRelease|Any CPU
		{642255CD-4B42-4CEB-A80A-D7D83F6CA989}.Test|Any CPU.ActiveCfg = Test|Any CPU
		{642255CD-4B42-4CEB-A80A-D7D83F6CA989}.Test|Any CPU.Build.0 = Test|Any CPU
		{6BB6D7C5-DC0A-4A57-BA61-F310A2D37A42}.Debug|Any CPU.ActiveCfg = Debug|Any CPU
		{6BB6D7C5-DC0A-4A57-BA61-F310A2D37A42}.Debug|Any CPU.Build.0 = Debug|Any CPU
		{6BB6D7C5-DC0A-4A57-BA61-F310A2D37A42}.Release|Any CPU.ActiveCfg = Release|Any CPU
		{6BB6D7C5-DC0A-4A57-BA61-F310A2D37A42}.Release|Any CPU.Build.0 = Release|Any CPU
		{6BB6D7C5-DC0A-4A57-BA61-F310A2D37A42}.TemplateRelease|Any CPU.ActiveCfg = TemplateRelease|Any CPU
		{6BB6D7C5-DC0A-4A57-BA61-F310A2D37A42}.TemplateRelease|Any CPU.Build.0 = TemplateRelease|Any CPU
		{6BB6D7C5-DC0A-4A57-BA61-F310A2D37A42}.Test|Any CPU.ActiveCfg = Test|Any CPU
		{6BB6D7C5-DC0A-4A57-BA61-F310A2D37A42}.Test|Any CPU.Build.0 = Test|Any CPU
		{19E42C61-9663-4245-A977-A10F64C57A90}.Debug|Any CPU.ActiveCfg = Debug|Any CPU
		{19E42C61-9663-4245-A977-A10F64C57A90}.Debug|Any CPU.Build.0 = Debug|Any CPU
		{19E42C61-9663-4245-A977-A10F64C57A90}.Release|Any CPU.ActiveCfg = Release|Any CPU
		{19E42C61-9663-4245-A977-A10F64C57A90}.Release|Any CPU.Build.0 = Release|Any CPU
		{19E42C61-9663-4245-A977-A10F64C57A90}.TemplateRelease|Any CPU.ActiveCfg = TemplateRelease|Any CPU
		{19E42C61-9663-4245-A977-A10F64C57A90}.TemplateRelease|Any CPU.Build.0 = TemplateRelease|Any CPU
		{19E42C61-9663-4245-A977-A10F64C57A90}.Test|Any CPU.ActiveCfg = TemplateRelease|Any CPU
		{19E42C61-9663-4245-A977-A10F64C57A90}.Test|Any CPU.Build.0 = TemplateRelease|Any CPU
		{06CFA71C-9838-4280-B418-9BF96C46FA9A}.Debug|Any CPU.ActiveCfg = Debug|Any CPU
		{06CFA71C-9838-4280-B418-9BF96C46FA9A}.Debug|Any CPU.Build.0 = Debug|Any CPU
		{06CFA71C-9838-4280-B418-9BF96C46FA9A}.Release|Any CPU.ActiveCfg = Release|Any CPU
		{06CFA71C-9838-4280-B418-9BF96C46FA9A}.Release|Any CPU.Build.0 = Release|Any CPU
		{06CFA71C-9838-4280-B418-9BF96C46FA9A}.TemplateRelease|Any CPU.ActiveCfg = Release|Any CPU
		{06CFA71C-9838-4280-B418-9BF96C46FA9A}.TemplateRelease|Any CPU.Build.0 = Release|Any CPU
		{06CFA71C-9838-4280-B418-9BF96C46FA9A}.Test|Any CPU.ActiveCfg = Debug|Any CPU
		{06CFA71C-9838-4280-B418-9BF96C46FA9A}.Test|Any CPU.Build.0 = Debug|Any CPU
		{3DD8AA35-54A7-4343-8729-6F86F579C742}.Debug|Any CPU.ActiveCfg = Debug|Any CPU
		{3DD8AA35-54A7-4343-8729-6F86F579C742}.Debug|Any CPU.Build.0 = Debug|Any CPU
		{3DD8AA35-54A7-4343-8729-6F86F579C742}.Release|Any CPU.ActiveCfg = Release|Any CPU
		{3DD8AA35-54A7-4343-8729-6F86F579C742}.Release|Any CPU.Build.0 = Release|Any CPU
		{3DD8AA35-54A7-4343-8729-6F86F579C742}.TemplateRelease|Any CPU.ActiveCfg = TemplateRelease|Any CPU
		{3DD8AA35-54A7-4343-8729-6F86F579C742}.TemplateRelease|Any CPU.Build.0 = TemplateRelease|Any CPU
		{3DD8AA35-54A7-4343-8729-6F86F579C742}.Test|Any CPU.ActiveCfg = Test|Any CPU
		{3DD8AA35-54A7-4343-8729-6F86F579C742}.Test|Any CPU.Build.0 = Test|Any CPU
		{6F00E79E-F405-4DC6-9A70-7D7065AC05B1}.Debug|Any CPU.ActiveCfg = Debug|Any CPU
		{6F00E79E-F405-4DC6-9A70-7D7065AC05B1}.Debug|Any CPU.Build.0 = Debug|Any CPU
		{6F00E79E-F405-4DC6-9A70-7D7065AC05B1}.Release|Any CPU.ActiveCfg = Release|Any CPU
		{6F00E79E-F405-4DC6-9A70-7D7065AC05B1}.Release|Any CPU.Build.0 = Release|Any CPU
		{6F00E79E-F405-4DC6-9A70-7D7065AC05B1}.TemplateRelease|Any CPU.ActiveCfg = TemplateRelease|Any CPU
		{6F00E79E-F405-4DC6-9A70-7D7065AC05B1}.TemplateRelease|Any CPU.Build.0 = TemplateRelease|Any CPU
		{6F00E79E-F405-4DC6-9A70-7D7065AC05B1}.Test|Any CPU.ActiveCfg = Test|Any CPU
		{6F00E79E-F405-4DC6-9A70-7D7065AC05B1}.Test|Any CPU.Build.0 = Test|Any CPU
		{FDEA0DB9-BC50-48A7-A6C1-13A4990D4F22}.Debug|Any CPU.ActiveCfg = Debug|Any CPU
		{FDEA0DB9-BC50-48A7-A6C1-13A4990D4F22}.Debug|Any CPU.Build.0 = Debug|Any CPU
		{FDEA0DB9-BC50-48A7-A6C1-13A4990D4F22}.Release|Any CPU.ActiveCfg = Release|Any CPU
		{FDEA0DB9-BC50-48A7-A6C1-13A4990D4F22}.Release|Any CPU.Build.0 = Release|Any CPU
		{FDEA0DB9-BC50-48A7-A6C1-13A4990D4F22}.TemplateRelease|Any CPU.ActiveCfg = TemplateRelease|Any CPU
		{FDEA0DB9-BC50-48A7-A6C1-13A4990D4F22}.TemplateRelease|Any CPU.Build.0 = TemplateRelease|Any CPU
		{FDEA0DB9-BC50-48A7-A6C1-13A4990D4F22}.Test|Any CPU.ActiveCfg = Test|Any CPU
		{FDEA0DB9-BC50-48A7-A6C1-13A4990D4F22}.Test|Any CPU.Build.0 = Test|Any CPU
		{FFDF7FD9-2405-4E62-A1B0-1D5AC005D2EF}.Debug|Any CPU.ActiveCfg = Debug|Any CPU
		{FFDF7FD9-2405-4E62-A1B0-1D5AC005D2EF}.Debug|Any CPU.Build.0 = Debug|Any CPU
		{FFDF7FD9-2405-4E62-A1B0-1D5AC005D2EF}.Release|Any CPU.ActiveCfg = Release|Any CPU
		{FFDF7FD9-2405-4E62-A1B0-1D5AC005D2EF}.Release|Any CPU.Build.0 = Release|Any CPU
		{FFDF7FD9-2405-4E62-A1B0-1D5AC005D2EF}.TemplateRelease|Any CPU.ActiveCfg = Release|Any CPU
		{FFDF7FD9-2405-4E62-A1B0-1D5AC005D2EF}.TemplateRelease|Any CPU.Build.0 = Release|Any CPU
		{FFDF7FD9-2405-4E62-A1B0-1D5AC005D2EF}.Test|Any CPU.ActiveCfg = Debug|Any CPU
		{FFDF7FD9-2405-4E62-A1B0-1D5AC005D2EF}.Test|Any CPU.Build.0 = Debug|Any CPU
		{52F24539-98C1-4002-8489-948B2AE5D951}.Debug|Any CPU.ActiveCfg = Debug|Any CPU
		{52F24539-98C1-4002-8489-948B2AE5D951}.Debug|Any CPU.Build.0 = Debug|Any CPU
		{52F24539-98C1-4002-8489-948B2AE5D951}.Release|Any CPU.ActiveCfg = Release|Any CPU
		{52F24539-98C1-4002-8489-948B2AE5D951}.Release|Any CPU.Build.0 = Release|Any CPU
		{52F24539-98C1-4002-8489-948B2AE5D951}.TemplateRelease|Any CPU.ActiveCfg = TemplateRelease|Any CPU
		{52F24539-98C1-4002-8489-948B2AE5D951}.TemplateRelease|Any CPU.Build.0 = TemplateRelease|Any CPU
		{52F24539-98C1-4002-8489-948B2AE5D951}.Test|Any CPU.ActiveCfg = Test|Any CPU
		{52F24539-98C1-4002-8489-948B2AE5D951}.Test|Any CPU.Build.0 = Test|Any CPU
		{935FEC5B-8A3A-4660-A6C9-AF62CAC40E5C}.Debug|Any CPU.ActiveCfg = Debug|Any CPU
		{935FEC5B-8A3A-4660-A6C9-AF62CAC40E5C}.Debug|Any CPU.Build.0 = Debug|Any CPU
		{935FEC5B-8A3A-4660-A6C9-AF62CAC40E5C}.Release|Any CPU.ActiveCfg = Release|Any CPU
		{935FEC5B-8A3A-4660-A6C9-AF62CAC40E5C}.Release|Any CPU.Build.0 = Release|Any CPU
		{935FEC5B-8A3A-4660-A6C9-AF62CAC40E5C}.TemplateRelease|Any CPU.ActiveCfg = Release|Any CPU
		{935FEC5B-8A3A-4660-A6C9-AF62CAC40E5C}.TemplateRelease|Any CPU.Build.0 = Release|Any CPU
		{935FEC5B-8A3A-4660-A6C9-AF62CAC40E5C}.Test|Any CPU.ActiveCfg = Debug|Any CPU
		{935FEC5B-8A3A-4660-A6C9-AF62CAC40E5C}.Test|Any CPU.Build.0 = Debug|Any CPU
		{31ACB9D0-E318-42F7-A7D7-F7D40AE75548}.Debug|Any CPU.ActiveCfg = Debug|Any CPU
		{31ACB9D0-E318-42F7-A7D7-F7D40AE75548}.Debug|Any CPU.Build.0 = Debug|Any CPU
		{31ACB9D0-E318-42F7-A7D7-F7D40AE75548}.Release|Any CPU.ActiveCfg = Release|Any CPU
		{31ACB9D0-E318-42F7-A7D7-F7D40AE75548}.Release|Any CPU.Build.0 = Release|Any CPU
		{31ACB9D0-E318-42F7-A7D7-F7D40AE75548}.TemplateRelease|Any CPU.ActiveCfg = TemplateRelease|Any CPU
		{31ACB9D0-E318-42F7-A7D7-F7D40AE75548}.TemplateRelease|Any CPU.Build.0 = TemplateRelease|Any CPU
		{31ACB9D0-E318-42F7-A7D7-F7D40AE75548}.Test|Any CPU.ActiveCfg = Test|Any CPU
		{31ACB9D0-E318-42F7-A7D7-F7D40AE75548}.Test|Any CPU.Build.0 = Test|Any CPU
		{1328935B-885B-494D-AFF0-0FEEE18612A7}.Debug|Any CPU.ActiveCfg = Debug|Any CPU
		{1328935B-885B-494D-AFF0-0FEEE18612A7}.Debug|Any CPU.Build.0 = Debug|Any CPU
		{1328935B-885B-494D-AFF0-0FEEE18612A7}.Release|Any CPU.ActiveCfg = Release|Any CPU
		{1328935B-885B-494D-AFF0-0FEEE18612A7}.TemplateRelease|Any CPU.ActiveCfg = Release|Any CPU
		{1328935B-885B-494D-AFF0-0FEEE18612A7}.TemplateRelease|Any CPU.Build.0 = Release|Any CPU
		{1328935B-885B-494D-AFF0-0FEEE18612A7}.Test|Any CPU.ActiveCfg = Test|Any CPU
		{1328935B-885B-494D-AFF0-0FEEE18612A7}.Test|Any CPU.Build.0 = Test|Any CPU
	EndGlobalSection
	GlobalSection(SolutionProperties) = preSolution
		HideSolutionNode = FALSE
	EndGlobalSection
	GlobalSection(NestedProjects) = preSolution
		{353775C5-4979-48FF-B4C6-90C54D923AB7} = {20618121-91AE-4EFE-9899-ABCB0ADACE86}
		{AB5A4906-7E58-4D1B-BA46-E7DCE40FD310} = {20618121-91AE-4EFE-9899-ABCB0ADACE86}
		{9715307C-A38E-416C-B9A3-EF0F39837A1A} = {20618121-91AE-4EFE-9899-ABCB0ADACE86}
		{2AF3D7C2-0633-4D15-8E29-5E068F0D2DDA} = {20618121-91AE-4EFE-9899-ABCB0ADACE86}
		{49853A70-AE13-481D-9A98-72DE029717C9} = {20618121-91AE-4EFE-9899-ABCB0ADACE86}
		{05EA51B5-9C9D-457F-A69E-9ACB218D7AA5} = {20618121-91AE-4EFE-9899-ABCB0ADACE86}
		{D67659FE-8708-4913-9A56-BE8ECB838405} = {20618121-91AE-4EFE-9899-ABCB0ADACE86}
		{FEF3CC72-9596-49E1-A910-990F607E9E76} = {20618121-91AE-4EFE-9899-ABCB0ADACE86}
		{6E82880C-097D-47A5-82B4-BA505050BC85} = {44527D1D-604E-495C-8E15-963508F26C7F}
		{A151364D-A8F3-49CF-8A0E-8CBE9833225D} = {20618121-91AE-4EFE-9899-ABCB0ADACE86}
		{C040A61E-E18C-4DB1-ADC1-E399B4675ED8} = {FEF3CC72-9596-49E1-A910-990F607E9E76}
		{D1FAA0A7-A6A9-4C95-80DB-F082B9B4C0FB} = {FEF3CC72-9596-49E1-A910-990F607E9E76}
		{392AB3DA-C723-41F6-BEA9-41AA716B185E} = {BBF132A7-018B-417A-9F56-396FB9CF391D}
		{AE7AF7D8-0B89-45F5-99D7-593BFFC2BA6D} = {BBF132A7-018B-417A-9F56-396FB9CF391D}
		{44293E2D-8698-424B-9124-B51713231EA2} = {20618121-91AE-4EFE-9899-ABCB0ADACE86}
		{4E18BD15-9397-43A0-87F4-770FDF434403} = {44293E2D-8698-424B-9124-B51713231EA2}
		{D6EBAAD8-8E3E-4BB8-8E8F-47E2AA7286BF} = {3C473DB5-6DAD-4BDE-B7AD-773DAB17582E}
		{06D46E79-A4B2-457A-93DB-E3060A12CFD0} = {20618121-91AE-4EFE-9899-ABCB0ADACE86}
		{6D2A1F6F-EB14-4C12-B65B-FAB3F6AA4D66} = {06D46E79-A4B2-457A-93DB-E3060A12CFD0}
		{EEE0FF80-C554-4281-AD21-A0D72D4CC712} = {06D46E79-A4B2-457A-93DB-E3060A12CFD0}
		{AD791365-1699-411D-89BC-F5CE60451037} = {06D46E79-A4B2-457A-93DB-E3060A12CFD0}
		{1DAB450F-E39E-4F01-9C08-90D154FBC252} = {06D46E79-A4B2-457A-93DB-E3060A12CFD0}
		{3CD452CA-6A58-40C1-9FB3-2D6D55CD4605} = {FEF3CC72-9596-49E1-A910-990F607E9E76}
		{20893400-862D-48F8-A9B9-6431B20BB763} = {44527D1D-604E-495C-8E15-963508F26C7F}
		{548A1BB0-88DE-45D4-95DF-2538A9592823} = {06D46E79-A4B2-457A-93DB-E3060A12CFD0}
		{3C473DB5-6DAD-4BDE-B7AD-773DAB17582E} = {BBF132A7-018B-417A-9F56-396FB9CF391D}
		{CD0C1BF6-2E3D-439F-B17D-8A7C678C9483} = {06D46E79-A4B2-457A-93DB-E3060A12CFD0}
		{A7FB80C1-3ABB-48B5-B5DA-7EB7030C855A} = {3C473DB5-6DAD-4BDE-B7AD-773DAB17582E}
		{5959B9E5-B3D5-4E8B-9DAD-FF30C3D7FF33} = {3C473DB5-6DAD-4BDE-B7AD-773DAB17582E}
		{23201C29-1DAC-4B2B-9BEA-28454F4E5E8D} = {BBF132A7-018B-417A-9F56-396FB9CF391D}
		{9074E017-FD2A-48BE-8125-E1270E7B111D} = {06D46E79-A4B2-457A-93DB-E3060A12CFD0}
		{4771E55A-AC48-4DB6-BA73-89B65DA24955} = {BBF132A7-018B-417A-9F56-396FB9CF391D}
		{1F5BD306-F852-4CAF-90D4-96BD7B518E3E} = {20618121-91AE-4EFE-9899-ABCB0ADACE86}
		{8941C544-58C3-4261-A52E-13B45132CA14} = {1F5BD306-F852-4CAF-90D4-96BD7B518E3E}
		{0BF37A1B-7D06-442D-8E36-68AF2546FA3C} = {1F5BD306-F852-4CAF-90D4-96BD7B518E3E}
		{0B27A4D6-3E6F-485F-8150-FFAD27F6F8F7} = {4771E55A-AC48-4DB6-BA73-89B65DA24955}
		{04FA0D71-27D0-485E-8CF3-4F9A76507919} = {4771E55A-AC48-4DB6-BA73-89B65DA24955}
		{DAD20A24-09C4-4104-A930-99BD6A0216D5} = {4771E55A-AC48-4DB6-BA73-89B65DA24955}
		{97BBCB28-782F-43D5-A604-0376298AF256} = {BBF132A7-018B-417A-9F56-396FB9CF391D}
		{023A95DB-D8AA-4123-9F9B-6A4616C7243A} = {97BBCB28-782F-43D5-A604-0376298AF256}
		{DED3B5E4-D281-4399-BD0E-3F612FF419F2} = {97BBCB28-782F-43D5-A604-0376298AF256}
		{4135ED8B-229C-45C2-93E2-2A62E84E47ED} = {97BBCB28-782F-43D5-A604-0376298AF256}
		{642255CD-4B42-4CEB-A80A-D7D83F6CA989} = {97BBCB28-782F-43D5-A604-0376298AF256}
		{6BB6D7C5-DC0A-4A57-BA61-F310A2D37A42} = {97BBCB28-782F-43D5-A604-0376298AF256}
		{19E42C61-9663-4245-A977-A10F64C57A90} = {2BBB19E7-0703-405F-9101-59D811377ABD}
		{06CFA71C-9838-4280-B418-9BF96C46FA9A} = {2BBB19E7-0703-405F-9101-59D811377ABD}
		{3DD8AA35-54A7-4343-8729-6F86F579C742} = {97BBCB28-782F-43D5-A604-0376298AF256}
		{6F00E79E-F405-4DC6-9A70-7D7065AC05B1} = {4771E55A-AC48-4DB6-BA73-89B65DA24955}
		{FDEA0DB9-BC50-48A7-A6C1-13A4990D4F22} = {97BBCB28-782F-43D5-A604-0376298AF256}
		{FFDF7FD9-2405-4E62-A1B0-1D5AC005D2EF} = {97BBCB28-782F-43D5-A604-0376298AF256}
		{52F24539-98C1-4002-8489-948B2AE5D951} = {06D46E79-A4B2-457A-93DB-E3060A12CFD0}
		{935FEC5B-8A3A-4660-A6C9-AF62CAC40E5C} = {BBF132A7-018B-417A-9F56-396FB9CF391D}
		{32447ECC-E8AD-451B-B918-C00B78FBB9CD} = {BBF132A7-018B-417A-9F56-396FB9CF391D}
		{31ACB9D0-E318-42F7-A7D7-F7D40AE75548} = {32447ECC-E8AD-451B-B918-C00B78FBB9CD}
		{1328935B-885B-494D-AFF0-0FEEE18612A7} = {32447ECC-E8AD-451B-B918-C00B78FBB9CD}
		{44527D1D-604E-495C-8E15-963508F26C7F} = {4771E55A-AC48-4DB6-BA73-89B65DA24955}
	EndGlobalSection
	GlobalSection(ExtensibilityGlobals) = postSolution
		SolutionGuid = {7427A6C9-D522-4B10-B0AC-607D69736B50}
	EndGlobalSection
EndGlobal
